
Microsoft Visual Studio Solution File, Format Version 12.00
# Visual Studio Version 17
VisualStudioVersion = 17.7.34221.43
MinimumVisualStudioVersion = 10.0.40219.1
Project("{9A19103F-16F7-4668-BE54-9A1E7A4F7556}") = "DCMS", "DMS\DCMS.csproj", "{4C43B52D-3262-4AEA-943D-346C45B79E8C}"
EndProject
Global
	GlobalSection(SolutionConfigurationPlatforms) = preSolution
		Debug|Any CPU = Debug|Any CPU
		Release|Any CPU = Release|Any CPU
	EndGlobalSection
	GlobalSection(ProjectConfigurationPlatforms) = postSolution
		{4C43B52D-3262-4AEA-943D-346C45B79E8C}.Debug|Any CPU.ActiveCfg = Debug|Any CPU
		{4C43B52D-3262-4AEA-943D-346C45B79E8C}.Debug|Any CPU.Build.0 = Debug|Any CPU
		{4C43B52D-3262-4AEA-943D-346C45B79E8C}.Release|Any CPU.ActiveCfg = Release|Any CPU
		{4C43B52D-3262-4AEA-943D-346C45B79E8C}.Release|Any CPU.Build.0 = Release|Any CPU
	EndGlobalSection
	GlobalSection(SolutionProperties) = preSolution
		HideSolutionNode = FALSE
	EndGlobalSection
	GlobalSection(ExtensibilityGlobals) = postSolution
		SolutionGuid = {E36D1D52-5E1D-4AD8-BB22-CAF048E69AB4}
	EndGlobalSection
EndGlobal
